
Microsoft Visual Studio Solution File, Format Version 12.00
# Visual Studio Version 16
VisualStudioVersion = 16.0.29209.62
MinimumVisualStudioVersion = 10.0.40219.1
Project("{FAE04EC0-301F-11D3-BF4B-00C04F79EFBC}") = "WebApp", "WebApp\WebApp.csproj", "{987D6973-0E0A-4A6A-94BE-6052E655BBA8}"
EndProject
Project("{FAE04EC0-301F-11D3-BF4B-00C04F79EFBC}") = "ChinookSystem", "ChinookSystem\ChinookSystem.csproj", "{5D8029D1-81BB-40FD-9815-A758A4D1C5E5}"
EndProject
Project("{FAE04EC0-301F-11D3-BF4B-00C04F79EFBC}") = "ChinookSystem.Data", "ChinookSystem.Data\ChinookSystem.Data.csproj", "{655EE71E-5A05-449E-8F60-CB61134FEEFB}"
EndProject
Global
	GlobalSection(SolutionConfigurationPlatforms) = preSolution
		Debug|Any CPU = Debug|Any CPU
		Release|Any CPU = Release|Any CPU
	EndGlobalSection
	GlobalSection(ProjectConfigurationPlatforms) = postSolution
		{987D6973-0E0A-4A6A-94BE-6052E655BBA8}.Debug|Any CPU.ActiveCfg = Debug|Any CPU
		{987D6973-0E0A-4A6A-94BE-6052E655BBA8}.Debug|Any CPU.Build.0 = Debug|Any CPU
		{987D6973-0E0A-4A6A-94BE-6052E655BBA8}.Release|Any CPU.ActiveCfg = Release|Any CPU
		{987D6973-0E0A-4A6A-94BE-6052E655BBA8}.Release|Any CPU.Build.0 = Release|Any CPU
		{5D8029D1-81BB-40FD-9815-A758A4D1C5E5}.Debug|Any CPU.ActiveCfg = Debug|Any CPU
		{5D8029D1-81BB-40FD-9815-A758A4D1C5E5}.Debug|Any CPU.Build.0 = Debug|Any CPU
		{5D8029D1-81BB-40FD-9815-A758A4D1C5E5}.Release|Any CPU.ActiveCfg = Release|Any CPU
		{5D8029D1-81BB-40FD-9815-A758A4D1C5E5}.Release|Any CPU.Build.0 = Release|Any CPU
		{655EE71E-5A05-449E-8F60-CB61134FEEFB}.Debug|Any CPU.ActiveCfg = Debug|Any CPU
		{655EE71E-5A05-449E-8F60-CB61134FEEFB}.Debug|Any CPU.Build.0 = Debug|Any CPU
		{655EE71E-5A05-449E-8F60-CB61134FEEFB}.Release|Any CPU.ActiveCfg = Release|Any CPU
		{655EE71E-5A05-449E-8F60-CB61134FEEFB}.Release|Any CPU.Build.0 = Release|Any CPU
	EndGlobalSection
	GlobalSection(SolutionProperties) = preSolution
		HideSolutionNode = FALSE
	EndGlobalSection
	GlobalSection(ExtensibilityGlobals) = postSolution
		SolutionGuid = {7E818F46-2EAA-4561-89B0-BC67C504AD50}
	EndGlobalSection
EndGlobal
